{
  "name": "frontend",
  "lockfileVersion": 3,
  "requires": true,
  "packages": {
    "": {
      "dependencies": {
        "xr-root": "file:../.."
      }
    },
    "../..": {
      "name": "xr-root",
      "version": "1.0.0",
      "license": "MIT",
      "devDependencies": {
        "npm-run-all": "^4.1.5"
      }
    },
    "node_modules/xr-root": {
      "resolved": "../..",
      "link": true
    }
  }
}
